
Microsoft Visual Studio Solution File, Format Version 12.00
# Visual Studio Version 17
VisualStudioVersion = 17.0.31903.59
MinimumVisualStudioVersion = 10.0.40219.1
Project("{FAE04EC0-301F-11D3-BF4B-00C04F79EFBC}") = "ProjA", "ProjA\ProjA.csproj", "{C2E0178A-3E4A-4C76-A2B7-B109B1A2E6BB}"
EndProject
Project("{FAE04EC0-301F-11D3-BF4B-00C04F79EFBC}") = "Projb", "Projb\Nested\Projb.csproj", "{21D1E84C-D741-4F8D-950D-AC0FE6D656E8}"
EndProject
Project("{FAE04EC0-301F-11D3-BF4B-00C04F79EFBC}") = "ProjC", "ProjC\ProjC.csproj", "{957CBE88-7DF4-4BAF-AD53-CF086C59C158}"
EndProject
Project("{FAE04EC0-301F-11D3-BF4B-00C04F79EFBC}") = "ProjD", "ProjD\ProjD.csproj", "{8C12CE36-6B83-4D5D-A81A-710B469F0DB9}"
EndProject
Project("{FAE04EC0-301F-11D3-BF4B-00C04F79EFBC}") = "ProjE", "ProjE\ProjE.csproj", "{35B0CDF6-37E1-419C-848D-A2B489EC9DD4}"
EndProject
Project("{FAE04EC0-301F-11D3-BF4B-00C04F79EFBC}") = "ProjF", "ProjF\ProjF.csproj", "{5F0A2436-344D-48FE-B31E-6B124EC4226E}"
EndProject
Global
	GlobalSection(SolutionConfigurationPlatforms) = preSolution
		Debug|Any CPU = Debug|Any CPU
		Debug|x64 = Debug|x64
		Debug|x86 = Debug|x86
		Release|Any CPU = Release|Any CPU
		Release|x64 = Release|x64
		Release|x86 = Release|x86
	EndGlobalSection
	GlobalSection(ProjectConfigurationPlatforms) = postSolution
		{C2E0178A-3E4A-4C76-A2B7-B109B1A2E6BB}.Debug|Any CPU.ActiveCfg = Debug|Any CPU
		{C2E0178A-3E4A-4C76-A2B7-B109B1A2E6BB}.Debug|Any CPU.Build.0 = Debug|Any CPU
		{C2E0178A-3E4A-4C76-A2B7-B109B1A2E6BB}.Debug|x64.ActiveCfg = Debug|Any CPU
		{C2E0178A-3E4A-4C76-A2B7-B109B1A2E6BB}.Debug|x64.Build.0 = Debug|Any CPU
		{C2E0178A-3E4A-4C76-A2B7-B109B1A2E6BB}.Debug|x86.ActiveCfg = Debug|Any CPU
		{C2E0178A-3E4A-4C76-A2B7-B109B1A2E6BB}.Debug|x86.Build.0 = Debug|Any CPU
		{C2E0178A-3E4A-4C76-A2B7-B109B1A2E6BB}.Release|Any CPU.ActiveCfg = Release|Any CPU
		{C2E0178A-3E4A-4C76-A2B7-B109B1A2E6BB}.Release|Any CPU.Build.0 = Release|Any CPU
		{C2E0178A-3E4A-4C76-A2B7-B109B1A2E6BB}.Release|x64.ActiveCfg = Release|Any CPU
		{C2E0178A-3E4A-4C76-A2B7-B109B1A2E6BB}.Release|x64.Build.0 = Release|Any CPU
		{C2E0178A-3E4A-4C76-A2B7-B109B1A2E6BB}.Release|x86.ActiveCfg = Release|Any CPU
		{C2E0178A-3E4A-4C76-A2B7-B109B1A2E6BB}.Release|x86.Build.0 = Release|Any CPU
		{21D1E84C-D741-4F8D-950D-AC0FE6D656E8}.Debug|Any CPU.ActiveCfg = Debug|Any CPU
		{21D1E84C-D741-4F8D-950D-AC0FE6D656E8}.Debug|Any CPU.Build.0 = Debug|Any CPU
		{21D1E84C-D741-4F8D-950D-AC0FE6D656E8}.Debug|x64.ActiveCfg = Debug|Any CPU
		{21D1E84C-D741-4F8D-950D-AC0FE6D656E8}.Debug|x64.Build.0 = Debug|Any CPU
		{21D1E84C-D741-4F8D-950D-AC0FE6D656E8}.Debug|x86.ActiveCfg = Debug|Any CPU
		{21D1E84C-D741-4F8D-950D-AC0FE6D656E8}.Debug|x86.Build.0 = Debug|Any CPU
		{21D1E84C-D741-4F8D-950D-AC0FE6D656E8}.Release|Any CPU.ActiveCfg = Release|Any CPU
		{21D1E84C-D741-4F8D-950D-AC0FE6D656E8}.Release|Any CPU.Build.0 = Release|Any CPU
		{21D1E84C-D741-4F8D-950D-AC0FE6D656E8}.Release|x64.ActiveCfg = Release|Any CPU
		{21D1E84C-D741-4F8D-950D-AC0FE6D656E8}.Release|x64.Build.0 = Release|Any CPU
		{21D1E84C-D741-4F8D-950D-AC0FE6D656E8}.Release|x86.ActiveCfg = Release|Any CPU
		{21D1E84C-D741-4F8D-950D-AC0FE6D656E8}.Release|x86.Build.0 = Release|Any CPU
		{957CBE88-7DF4-4BAF-AD53-CF086C59C158}.Debug|Any CPU.ActiveCfg = Debug|Any CPU
		{957CBE88-7DF4-4BAF-AD53-CF086C59C158}.Debug|Any CPU.Build.0 = Debug|Any CPU
		{957CBE88-7DF4-4BAF-AD53-CF086C59C158}.Debug|x64.ActiveCfg = Debug|Any CPU
		{957CBE88-7DF4-4BAF-AD53-CF086C59C158}.Debug|x64.Build.0 = Debug|Any CPU
		{957CBE88-7DF4-4BAF-AD53-CF086C59C158}.Debug|x86.ActiveCfg = Debug|Any CPU
		{957CBE88-7DF4-4BAF-AD53-CF086C59C158}.Debug|x86.Build.0 = Debug|Any CPU
		{957CBE88-7DF4-4BAF-AD53-CF086C59C158}.Release|Any CPU.ActiveCfg = Release|Any CPU
		{957CBE88-7DF4-4BAF-AD53-CF086C59C158}.Release|Any CPU.Build.0 = Release|Any CPU
		{957CBE88-7DF4-4BAF-AD53-CF086C59C158}.Release|x64.ActiveCfg = Release|Any CPU
		{957CBE88-7DF4-4BAF-AD53-CF086C59C158}.Release|x64.Build.0 = Release|Any CPU
		{957CBE88-7DF4-4BAF-AD53-CF086C59C158}.Release|x86.ActiveCfg = Release|Any CPU
		{957CBE88-7DF4-4BAF-AD53-CF086C59C158}.Release|x86.Build.0 = Release|Any CPU
		{8C12CE36-6B83-4D5D-A81A-710B469F0DB9}.Debug|Any CPU.ActiveCfg = Debug|Any CPU
		{8C12CE36-6B83-4D5D-A81A-710B469F0DB9}.Debug|Any CPU.Build.0 = Debug|Any CPU
		{8C12CE36-6B83-4D5D-A81A-710B469F0DB9}.Debug|x64.ActiveCfg = Debug|Any CPU
		{8C12CE36-6B83-4D5D-A81A-710B469F0DB9}.Debug|x64.Build.0 = Debug|Any CPU
		{8C12CE36-6B83-4D5D-A81A-710B469F0DB9}.Debug|x86.ActiveCfg = Debug|Any CPU
		{8C12CE36-6B83-4D5D-A81A-710B469F0DB9}.Debug|x86.Build.0 = Debug|Any CPU
		{8C12CE36-6B83-4D5D-A81A-710B469F0DB9}.Release|Any CPU.ActiveCfg = Release|Any CPU
		{8C12CE36-6B83-4D5D-A81A-710B469F0DB9}.Release|Any CPU.Build.0 = Release|Any CPU
		{8C12CE36-6B83-4D5D-A81A-710B469F0DB9}.Release|x64.ActiveCfg = Release|Any CPU
		{8C12CE36-6B83-4D5D-A81A-710B469F0DB9}.Release|x64.Build.0 = Release|Any CPU
		{8C12CE36-6B83-4D5D-A81A-710B469F0DB9}.Release|x86.ActiveCfg = Release|Any CPU
		{8C12CE36-6B83-4D5D-A81A-710B469F0DB9}.Release|x86.Build.0 = Release|Any CPU
		{35B0CDF6-37E1-419C-848D-A2B489EC9DD4}.Debug|Any CPU.ActiveCfg = Debug|Any CPU
		{35B0CDF6-37E1-419C-848D-A2B489EC9DD4}.Debug|Any CPU.Build.0 = Debug|Any CPU
		{35B0CDF6-37E1-419C-848D-A2B489EC9DD4}.Debug|x64.ActiveCfg = Debug|Any CPU
		{35B0CDF6-37E1-419C-848D-A2B489EC9DD4}.Debug|x64.Build.0 = Debug|Any CPU
		{35B0CDF6-37E1-419C-848D-A2B489EC9DD4}.Debug|x86.ActiveCfg = Debug|Any CPU
		{35B0CDF6-37E1-419C-848D-A2B489EC9DD4}.Debug|x86.Build.0 = Debug|Any CPU
		{35B0CDF6-37E1-419C-848D-A2B489EC9DD4}.Release|Any CPU.ActiveCfg = Release|Any CPU
		{35B0CDF6-37E1-419C-848D-A2B489EC9DD4}.Release|Any CPU.Build.0 = Release|Any CPU
		{35B0CDF6-37E1-419C-848D-A2B489EC9DD4}.Release|x64.ActiveCfg = Release|Any CPU
		{35B0CDF6-37E1-419C-848D-A2B489EC9DD4}.Release|x64.Build.0 = Release|Any CPU
		{35B0CDF6-37E1-419C-848D-A2B489EC9DD4}.Release|x86.ActiveCfg = Release|Any CPU
		{35B0CDF6-37E1-419C-848D-A2B489EC9DD4}.Release|x86.Build.0 = Release|Any CPU
		{5F0A2436-344D-48FE-B31E-6B124EC4226E}.Debug|Any CPU.ActiveCfg = Debug|Any CPU
		{5F0A2436-344D-48FE-B31E-6B124EC4226E}.Debug|Any CPU.Build.0 = Debug|Any CPU
		{5F0A2436-344D-48FE-B31E-6B124EC4226E}.Debug|x64.ActiveCfg = Debug|Any CPU
		{5F0A2436-344D-48FE-B31E-6B124EC4226E}.Debug|x64.Build.0 = Debug|Any CPU
		{5F0A2436-344D-48FE-B31E-6B124EC4226E}.Debug|x86.ActiveCfg = Debug|Any CPU
		{5F0A2436-344D-48FE-B31E-6B124EC4226E}.Debug|x86.Build.0 = Debug|Any CPU
		{5F0A2436-344D-48FE-B31E-6B124EC4226E}.Release|Any CPU.ActiveCfg = Release|Any CPU
		{5F0A2436-344D-48FE-B31E-6B124EC4226E}.Release|Any CPU.Build.0 = Release|Any CPU
		{5F0A2436-344D-48FE-B31E-6B124EC4226E}.Release|x64.ActiveCfg = Release|Any CPU
		{5F0A2436-344D-48FE-B31E-6B124EC4226E}.Release|x64.Build.0 = Release|Any CPU
		{5F0A2436-344D-48FE-B31E-6B124EC4226E}.Release|x86.ActiveCfg = Release|Any CPU
		{5F0A2436-344D-48FE-B31E-6B124EC4226E}.Release|x86.Build.0 = Release|Any CPU
	EndGlobalSection
	GlobalSection(SolutionProperties) = preSolution
		HideSolutionNode = FALSE
	EndGlobalSection
	GlobalSection(NestedProjects) = preSolution
		{21D1E84C-D741-4F8D-950D-AC0FE6D656E8} = {61AAB316-37BA-C4F5-93BF-4B8C04A4E741}
	EndGlobalSection
EndGlobal
